// !$*UTF8*$!
{
	archiveVersion = 1;
	classes = {
	};
	objectVersion = 56;
	objects = {

/* Begin PBXBuildFile section */
		DD70F4172AFF3E3300EC0BF4 /* MoviesApp.swift in Sources */ = {isa = PBXBuildFile; fileRef = DD70F4162AFF3E3300EC0BF4 /* MoviesApp.swift */; };
		DD70F4192AFF3E3300EC0BF4 /* ContentView.swift in Sources */ = {isa = PBXBuildFile; fileRef = DD70F4182AFF3E3300EC0BF4 /* ContentView.swift */; };
		DD70F41B2AFF3E3800EC0BF4 /* Assets.xcassets in Resources */ = {isa = PBXBuildFile; fileRef = DD70F41A2AFF3E3800EC0BF4 /* Assets.xcassets */; };
		DD70F41F2AFF3E3800EC0BF4 /* Preview Assets.xcassets in Resources */ = {isa = PBXBuildFile; fileRef = DD70F41E2AFF3E3800EC0BF4 /* Preview Assets.xcassets */; };
		DD70F4292AFF3E3800EC0BF4 /* MoviesTests.swift in Sources */ = {isa = PBXBuildFile; fileRef = DD70F4282AFF3E3800EC0BF4 /* MoviesTests.swift */; };
		DD70F4332AFF3E3800EC0BF4 /* MoviesUITests.swift in Sources */ = {isa = PBXBuildFile; fileRef = DD70F4322AFF3E3800EC0BF4 /* MoviesUITests.swift */; };
		DD70F4352AFF3E3800EC0BF4 /* MoviesUITestsLaunchTests.swift in Sources */ = {isa = PBXBuildFile; fileRef = DD70F4342AFF3E3800EC0BF4 /* MoviesUITestsLaunchTests.swift */; };
		DD70F4422AFF417C00EC0BF4 /* .gitignore in Resources */ = {isa = PBXBuildFile; fileRef = DD70F4412AFF417C00EC0BF4 /* .gitignore */; };
		DD70F4442AFF41B900EC0BF4 /* Config.swift in Sources */ = {isa = PBXBuildFile; fileRef = DD70F4432AFF41B900EC0BF4 /* Config.swift */; };
		DDD8C6732AFF533900263B49 /* URLImage in Frameworks */ = {isa = PBXBuildFile; productRef = DDD8C6722AFF533900263B49 /* URLImage */; };
		DDD8C6752AFF535B00263B49 /* URLImageStore in Frameworks */ = {isa = PBXBuildFile; productRef = DDD8C6742AFF535B00263B49 /* URLImageStore */; };
		DDD8C6782AFF588500263B49 /* DetailScreen.swift in Sources */ = {isa = PBXBuildFile; fileRef = DDD8C6772AFF588500263B49 /* DetailScreen.swift */; };
/* End PBXBuildFile section */

/* Begin PBXContainerItemProxy section */
		DD70F4252AFF3E3800EC0BF4 /* PBXContainerItemProxy */ = {
			isa = PBXContainerItemProxy;
			containerPortal = DD70F40B2AFF3E3300EC0BF4 /* Project object */;
			proxyType = 1;
			remoteGlobalIDString = DD70F4122AFF3E3300EC0BF4;
			remoteInfo = Movies;
		};
		DD70F42F2AFF3E3800EC0BF4 /* PBXContainerItemProxy */ = {
			isa = PBXContainerItemProxy;
			containerPortal = DD70F40B2AFF3E3300EC0BF4 /* Project object */;
			proxyType = 1;
			remoteGlobalIDString = DD70F4122AFF3E3300EC0BF4;
			remoteInfo = Movies;
		};
/* End PBXContainerItemProxy section */

/* Begin PBXFileReference section */
		DD70F4132AFF3E3300EC0BF4 /* Movies.app */ = {isa = PBXFileReference; explicitFileType = wrapper.application; includeInIndex = 0; path = Movies.app; sourceTree = BUILT_PRODUCTS_DIR; };
		DD70F4162AFF3E3300EC0BF4 /* MoviesApp.swift */ = {isa = PBXFileReference; lastKnownFileType = sourcecode.swift; path = MoviesApp.swift; sourceTree = "<group>"; };
		DD70F4182AFF3E3300EC0BF4 /* ContentView.swift */ = {isa = PBXFileReference; lastKnownFileType = sourcecode.swift; path = ContentView.swift; sourceTree = "<group>"; };
		DD70F41A2AFF3E3800EC0BF4 /* Assets.xcassets */ = {isa = PBXFileReference; lastKnownFileType = folder.assetcatalog; path = Assets.xcassets; sourceTree = "<group>"; };
		DD70F41C2AFF3E3800EC0BF4 /* Movies.entitlements */ = {isa = PBXFileReference; lastKnownFileType = text.plist.entitlements; path = Movies.entitlements; sourceTree = "<group>"; };
		DD70F41E2AFF3E3800EC0BF4 /* Preview Assets.xcassets */ = {isa = PBXFileReference; lastKnownFileType = folder.assetcatalog; path = "Preview Assets.xcassets"; sourceTree = "<group>"; };
		DD70F4242AFF3E3800EC0BF4 /* MoviesTests.xctest */ = {isa = PBXFileReference; explicitFileType = wrapper.cfbundle; includeInIndex = 0; path = MoviesTests.xctest; sourceTree = BUILT_PRODUCTS_DIR; };
		DD70F4282AFF3E3800EC0BF4 /* MoviesTests.swift */ = {isa = PBXFileReference; lastKnownFileType = sourcecode.swift; path = MoviesTests.swift; sourceTree = "<group>"; };
		DD70F42E2AFF3E3800EC0BF4 /* MoviesUITests.xctest */ = {isa = PBXFileReference; explicitFileType = wrapper.cfbundle; includeInIndex = 0; path = MoviesUITests.xctest; sourceTree = BUILT_PRODUCTS_DIR; };
		DD70F4322AFF3E3800EC0BF4 /* MoviesUITests.swift */ = {isa = PBXFileReference; lastKnownFileType = sourcecode.swift; path = MoviesUITests.swift; sourceTree = "<group>"; };
		DD70F4342AFF3E3800EC0BF4 /* MoviesUITestsLaunchTests.swift */ = {isa = PBXFileReference; lastKnownFileType = sourcecode.swift; path = MoviesUITestsLaunchTests.swift; sourceTree = "<group>"; };
		DD70F4412AFF417C00EC0BF4 /* .gitignore */ = {isa = PBXFileReference; lastKnownFileType = text; path = .gitignore; sourceTree = "<group>"; };
		DD70F4432AFF41B900EC0BF4 /* Config.swift */ = {isa = PBXFileReference; lastKnownFileType = sourcecode.swift; path = Config.swift; sourceTree = "<group>"; };
		DDD8C6772AFF588500263B49 /* DetailScreen.swift */ = {isa = PBXFileReference; lastKnownFileType = sourcecode.swift; path = DetailScreen.swift; sourceTree = "<group>"; };
/* End PBXFileReference section */

/* Begin PBXFrameworksBuildPhase section */
		DD70F4102AFF3E3300EC0BF4 /* Frameworks */ = {
			isa = PBXFrameworksBuildPhase;
			buildActionMask = 2147483647;
			files = (
				DDD8C6752AFF535B00263B49 /* URLImageStore in Frameworks */,
				DDD8C6732AFF533900263B49 /* URLImage in Frameworks */,
			);
			runOnlyForDeploymentPostprocessing = 0;
		};
		DD70F4212AFF3E3800EC0BF4 /* Frameworks */ = {
			isa = PBXFrameworksBuildPhase;
			buildActionMask = 2147483647;
			files = (
			);
			runOnlyForDeploymentPostprocessing = 0;
		};
		DD70F42B2AFF3E3800EC0BF4 /* Frameworks */ = {
			isa = PBXFrameworksBuildPhase;
			buildActionMask = 2147483647;
			files = (
			);
			runOnlyForDeploymentPostprocessing = 0;
		};
/* End PBXFrameworksBuildPhase section */

/* Begin PBXGroup section */
		DD70F40A2AFF3E3300EC0BF4 = {
			isa = PBXGroup;
			children = (
				DD70F4432AFF41B900EC0BF4 /* Config.swift */,
				DD70F4412AFF417C00EC0BF4 /* .gitignore */,
				DD70F4152AFF3E3300EC0BF4 /* Movies */,
				DD70F4272AFF3E3800EC0BF4 /* MoviesTests */,
				DD70F4312AFF3E3800EC0BF4 /* MoviesUITests */,
				DD70F4142AFF3E3300EC0BF4 /* Products */,
			);
			sourceTree = "<group>";
		};
		DD70F4142AFF3E3300EC0BF4 /* Products */ = {
			isa = PBXGroup;
			children = (
				DD70F4132AFF3E3300EC0BF4 /* Movies.app */,
				DD70F4242AFF3E3800EC0BF4 /* MoviesTests.xctest */,
				DD70F42E2AFF3E3800EC0BF4 /* MoviesUITests.xctest */,
			);
			name = Products;
			sourceTree = "<group>";
		};
		DD70F4152AFF3E3300EC0BF4 /* Movies */ = {
			isa = PBXGroup;
			children = (
				DDD8C6762AFF585600263B49 /* Screens */,
				DD70F4162AFF3E3300EC0BF4 /* MoviesApp.swift */,
				DD70F41A2AFF3E3800EC0BF4 /* Assets.xcassets */,
				DD70F41C2AFF3E3800EC0BF4 /* Movies.entitlements */,
				DD70F41D2AFF3E3800EC0BF4 /* Preview Content */,
			);
			path = Movies;
			sourceTree = "<group>";
		};
		DD70F41D2AFF3E3800EC0BF4 /* Preview Content */ = {
			isa = PBXGroup;
			children = (
				DD70F41E2AFF3E3800EC0BF4 /* Preview Assets.xcassets */,
			);
			path = "Preview Content";
			sourceTree = "<group>";
		};
		DD70F4272AFF3E3800EC0BF4 /* MoviesTests */ = {
			isa = PBXGroup;
			children = (
				DD70F4282AFF3E3800EC0BF4 /* MoviesTests.swift */,
			);
			path = MoviesTests;
			sourceTree = "<group>";
		};
		DD70F4312AFF3E3800EC0BF4 /* MoviesUITests */ = {
			isa = PBXGroup;
			children = (
				DD70F4322AFF3E3800EC0BF4 /* MoviesUITests.swift */,
				DD70F4342AFF3E3800EC0BF4 /* MoviesUITestsLaunchTests.swift */,
			);
			path = MoviesUITests;
			sourceTree = "<group>";
		};
		DDD8C6762AFF585600263B49 /* Screens */ = {
			isa = PBXGroup;
			children = (
				DD70F4182AFF3E3300EC0BF4 /* ContentView.swift */,
				DDD8C6772AFF588500263B49 /* DetailScreen.swift */,
			);
			path = Screens;
			sourceTree = "<group>";
		};
/* End PBXGroup section */

/* Begin PBXNativeTarget section */
		DD70F4122AFF3E3300EC0BF4 /* Movies */ = {
			isa = PBXNativeTarget;
			buildConfigurationList = DD70F4382AFF3E3800EC0BF4 /* Build configuration list for PBXNativeTarget "Movies" */;
			buildPhases = (
				DD70F40F2AFF3E3300EC0BF4 /* Sources */,
				DD70F4102AFF3E3300EC0BF4 /* Frameworks */,
				DD70F4112AFF3E3300EC0BF4 /* Resources */,
			);
			buildRules = (
			);
			dependencies = (
			);
			name = Movies;
			packageProductDependencies = (
				DDD8C6722AFF533900263B49 /* URLImage */,
				DDD8C6742AFF535B00263B49 /* URLImageStore */,
			);
			productName = Movies;
			productReference = DD70F4132AFF3E3300EC0BF4 /* Movies.app */;
			productType = "com.apple.product-type.application";
		};
		DD70F4232AFF3E3800EC0BF4 /* MoviesTests */ = {
			isa = PBXNativeTarget;
			buildConfigurationList = DD70F43B2AFF3E3800EC0BF4 /* Build configuration list for PBXNativeTarget "MoviesTests" */;
			buildPhases = (
				DD70F4202AFF3E3800EC0BF4 /* Sources */,
				DD70F4212AFF3E3800EC0BF4 /* Frameworks */,
				DD70F4222AFF3E3800EC0BF4 /* Resources */,
			);
			buildRules = (
			);
			dependencies = (
				DD70F4262AFF3E3800EC0BF4 /* PBXTargetDependency */,
			);
			name = MoviesTests;
			productName = MoviesTests;
			productReference = DD70F4242AFF3E3800EC0BF4 /* MoviesTests.xctest */;
			productType = "com.apple.product-type.bundle.unit-test";
		};
		DD70F42D2AFF3E3800EC0BF4 /* MoviesUITests */ = {
			isa = PBXNativeTarget;
			buildConfigurationList = DD70F43E2AFF3E3800EC0BF4 /* Build configuration list for PBXNativeTarget "MoviesUITests" */;
			buildPhases = (
				DD70F42A2AFF3E3800EC0BF4 /* Sources */,
				DD70F42B2AFF3E3800EC0BF4 /* Frameworks */,
				DD70F42C2AFF3E3800EC0BF4 /* Resources */,
			);
			buildRules = (
			);
			dependencies = (
				DD70F4302AFF3E3800EC0BF4 /* PBXTargetDependency */,
			);
			name = MoviesUITests;
			productName = MoviesUITests;
			productReference = DD70F42E2AFF3E3800EC0BF4 /* MoviesUITests.xctest */;
			productType = "com.apple.product-type.bundle.ui-testing";
		};
/* End PBXNativeTarget section */

/* Begin PBXProject section */
		DD70F40B2AFF3E3300EC0BF4 /* Project object */ = {
			isa = PBXProject;
			attributes = {
				BuildIndependentTargetsInParallel = 1;
				LastSwiftUpdateCheck = 1500;
				LastUpgradeCheck = 1500;
				TargetAttributes = {
					DD70F4122AFF3E3300EC0BF4 = {
						CreatedOnToolsVersion = 15.0.1;
					};
					DD70F4232AFF3E3800EC0BF4 = {
						CreatedOnToolsVersion = 15.0.1;
						TestTargetID = DD70F4122AFF3E3300EC0BF4;
					};
					DD70F42D2AFF3E3800EC0BF4 = {
						CreatedOnToolsVersion = 15.0.1;
						TestTargetID = DD70F4122AFF3E3300EC0BF4;
					};
				};
			};
			buildConfigurationList = DD70F40E2AFF3E3300EC0BF4 /* Build configuration list for PBXProject "Movies" */;
			compatibilityVersion = "Xcode 14.0";
			developmentRegion = en;
			hasScannedForEncodings = 0;
			knownRegions = (
				en,
				Base,
			);
			mainGroup = DD70F40A2AFF3E3300EC0BF4;
			packageReferences = (
				DD70F4452AFF522300EC0BF4 /* XCRemoteSwiftPackageReference "url-image" */,
			);
			productRefGroup = DD70F4142AFF3E3300EC0BF4 /* Products */;
			projectDirPath = "";
			projectRoot = "";
			targets = (
				DD70F4122AFF3E3300EC0BF4 /* Movies */,
				DD70F4232AFF3E3800EC0BF4 /* MoviesTests */,
				DD70F42D2AFF3E3800EC0BF4 /* MoviesUITests */,
			);
		};
/* End PBXProject section */

/* Begin PBXResourcesBuildPhase section */
		DD70F4112AFF3E3300EC0BF4 /* Resources */ = {
			isa = PBXResourcesBuildPhase;
			buildActionMask = 2147483647;
			files = (
				DD70F41F2AFF3E3800EC0BF4 /* Preview Assets.xcassets in Resources */,
				DD70F4422AFF417C00EC0BF4 /* .gitignore in Resources */,
				DD70F41B2AFF3E3800EC0BF4 /* Assets.xcassets in Resources */,
			);
			runOnlyForDeploymentPostprocessing = 0;
		};
		DD70F4222AFF3E3800EC0BF4 /* Resources */ = {
			isa = PBXResourcesBuildPhase;
			buildActionMask = 2147483647;
			files = (
			);
			runOnlyForDeploymentPostprocessing = 0;
		};
		DD70F42C2AFF3E3800EC0BF4 /* Resources */ = {
			isa = PBXResourcesBuildPhase;
			buildActionMask = 2147483647;
			files = (
			);
			runOnlyForDeploymentPostprocessing = 0;
		};
/* End PBXResourcesBuildPhase section */

/* Begin PBXSourcesBuildPhase section */
		DD70F40F2AFF3E3300EC0BF4 /* Sources */ = {
			isa = PBXSourcesBuildPhase;
			buildActionMask = 2147483647;
			files = (
				DDD8C6782AFF588500263B49 /* DetailScreen.swift in Sources */,
				DD70F4192AFF3E3300EC0BF4 /* ContentView.swift in Sources */,
				DD70F4172AFF3E3300EC0BF4 /* MoviesApp.swift in Sources */,
				DD70F4442AFF41B900EC0BF4 /* Config.swift in Sources */,
			);
			runOnlyForDeploymentPostprocessing = 0;
		};
		DD70F4202AFF3E3800EC0BF4 /* Sources */ = {
			isa = PBXSourcesBuildPhase;
			buildActionMask = 2147483647;
			files = (
				DD70F4292AFF3E3800EC0BF4 /* MoviesTests.swift in Sources */,
			);
			runOnlyForDeploymentPostprocessing = 0;
		};
		DD70F42A2AFF3E3800EC0BF4 /* Sources */ = {
			isa = PBXSourcesBuildPhase;
			buildActionMask = 2147483647;
			files = (
				DD70F4332AFF3E3800EC0BF4 /* MoviesUITests.swift in Sources */,
				DD70F4352AFF3E3800EC0BF4 /* MoviesUITestsLaunchTests.swift in Sources */,
			);
			runOnlyForDeploymentPostprocessing = 0;
		};
/* End PBXSourcesBuildPhase section */

/* Begin PBXTargetDependency section */
		DD70F4262AFF3E3800EC0BF4 /* PBXTargetDependency */ = {
			isa = PBXTargetDependency;
			target = DD70F4122AFF3E3300EC0BF4 /* Movies */;
			targetProxy = DD70F4252AFF3E3800EC0BF4 /* PBXContainerItemProxy */;
		};
		DD70F4302AFF3E3800EC0BF4 /* PBXTargetDependency */ = {
			isa = PBXTargetDependency;
			target = DD70F4122AFF3E3300EC0BF4 /* Movies */;
			targetProxy = DD70F42F2AFF3E3800EC0BF4 /* PBXContainerItemProxy */;
		};
/* End PBXTargetDependency section */

/* Begin XCBuildConfiguration section */
		DD70F4362AFF3E3800EC0BF4 /* Debug */ = {
			isa = XCBuildConfiguration;
			buildSettings = {
				ALWAYS_SEARCH_USER_PATHS = NO;
				ASSETCATALOG_COMPILER_GENERATE_SWIFT_ASSET_SYMBOL_EXTENSIONS = YES;
				CLANG_ANALYZER_NONNULL = YES;
				CLANG_ANALYZER_NUMBER_OBJECT_CONVERSION = YES_AGGRESSIVE;
				CLANG_CXX_LANGUAGE_STANDARD = "gnu++20";
				CLANG_ENABLE_MODULES = YES;
				CLANG_ENABLE_OBJC_ARC = YES;
				CLANG_ENABLE_OBJC_WEAK = YES;
				CLANG_WARN_BLOCK_CAPTURE_AUTORELEASING = YES;
				CLANG_WARN_BOOL_CONVERSION = YES;
				CLANG_WARN_COMMA = YES;
				CLANG_WARN_CONSTANT_CONVERSION = YES;
				CLANG_WARN_DEPRECATED_OBJC_IMPLEMENTATIONS = YES;
				CLANG_WARN_DIRECT_OBJC_ISA_USAGE = YES_ERROR;
				CLANG_WARN_DOCUMENTATION_COMMENTS = YES;
				CLANG_WARN_EMPTY_BODY = YES;
				CLANG_WARN_ENUM_CONVERSION = YES;
				CLANG_WARN_INFINITE_RECURSION = YES;
				CLANG_WARN_INT_CONVERSION = YES;
				CLANG_WARN_NON_LITERAL_NULL_CONVERSION = YES;
				CLANG_WARN_OBJC_IMPLICIT_RETAIN_SELF = YES;
				CLANG_WARN_OBJC_LITERAL_CONVERSION = YES;
				CLANG_WARN_OBJC_ROOT_CLASS = YES_ERROR;
				CLANG_WARN_QUOTED_INCLUDE_IN_FRAMEWORK_HEADER = YES;
				CLANG_WARN_RANGE_LOOP_ANALYSIS = YES;
				CLANG_WARN_STRICT_PROTOTYPES = YES;
				CLANG_WARN_SUSPICIOUS_MOVE = YES;
				CLANG_WARN_UNGUARDED_AVAILABILITY = YES_AGGRESSIVE;
				CLANG_WARN_UNREACHABLE_CODE = YES;
				CLANG_WARN__DUPLICATE_METHOD_MATCH = YES;
				COPY_PHASE_STRIP = NO;
				DEBUG_INFORMATION_FORMAT = dwarf;
				ENABLE_STRICT_OBJC_MSGSEND = YES;
				ENABLE_TESTABILITY = YES;
				ENABLE_USER_SCRIPT_SANDBOXING = YES;
				GCC_C_LANGUAGE_STANDARD = gnu17;
				GCC_DYNAMIC_NO_PIC = NO;
				GCC_NO_COMMON_BLOCKS = YES;
				GCC_OPTIMIZATION_LEVEL = 0;
				GCC_PREPROCESSOR_DEFINITIONS = (
					"DEBUG=1",
					"$(inherited)",
				);
				GCC_WARN_64_TO_32_BIT_CONVERSION = YES;
				GCC_WARN_ABOUT_RETURN_TYPE = YES_ERROR;
				GCC_WARN_UNDECLARED_SELECTOR = YES;
				GCC_WARN_UNINITIALIZED_AUTOS = YES_AGGRESSIVE;
				GCC_WARN_UNUSED_FUNCTION = YES;
				GCC_WARN_UNUSED_VARIABLE = YES;
				LOCALIZATION_PREFERS_STRING_CATALOGS = YES;
				MTL_ENABLE_DEBUG_INFO = INCLUDE_SOURCE;
				MTL_FAST_MATH = YES;
				ONLY_ACTIVE_ARCH = YES;
				SWIFT_ACTIVE_COMPILATION_CONDITIONS = "DEBUG $(inherited)";
				SWIFT_OPTIMIZATION_LEVEL = "-Onone";
			};
			name = Debug;
		};
		DD70F4372AFF3E3800EC0BF4 /* Release */ = {
			isa = XCBuildConfiguration;
			buildSettings = {
				ALWAYS_SEARCH_USER_PATHS = NO;
				ASSETCATALOG_COMPILER_GENERATE_SWIFT_ASSET_SYMBOL_EXTENSIONS = YES;
				CLANG_ANALYZER_NONNULL = YES;
				CLANG_ANALYZER_NUMBER_OBJECT_CONVERSION = YES_AGGRESSIVE;
				CLANG_CXX_LANGUAGE_STANDARD = "gnu++20";
				CLANG_ENABLE_MODULES = YES;
				CLANG_ENABLE_OBJC_ARC = YES;
				CLANG_ENABLE_OBJC_WEAK = YES;
				CLANG_WARN_BLOCK_CAPTURE_AUTORELEASING = YES;
				CLANG_WARN_BOOL_CONVERSION = YES;
				CLANG_WARN_COMMA = YES;
				CLANG_WARN_CONSTANT_CONVERSION = YES;
				CLANG_WARN_DEPRECATED_OBJC_IMPLEMENTATIONS = YES;
				CLANG_WARN_DIRECT_OBJC_ISA_USAGE = YES_ERROR;
				CLANG_WARN_DOCUMENTATION_COMMENTS = YES;
				CLANG_WARN_EMPTY_BODY = YES;
				CLANG_WARN_ENUM_CONVERSION = YES;
				CLANG_WARN_INFINITE_RECURSION = YES;
				CLANG_WARN_INT_CONVERSION = YES;
				CLANG_WARN_NON_LITERAL_NULL_CONVERSION = YES;
				CLANG_WARN_OBJC_IMPLICIT_RETAIN_SELF = YES;
				CLANG_WARN_OBJC_LITERAL_CONVERSION = YES;
				CLANG_WARN_OBJC_ROOT_CLASS = YES_ERROR;
				CLANG_WARN_QUOTED_INCLUDE_IN_FRAMEWORK_HEADER = YES;
				CLANG_WARN_RANGE_LOOP_ANALYSIS = YES;
				CLANG_WARN_STRICT_PROTOTYPES = YES;
				CLANG_WARN_SUSPICIOUS_MOVE = YES;
				CLANG_WARN_UNGUARDED_AVAILABILITY = YES_AGGRESSIVE;
				CLANG_WARN_UNREACHABLE_CODE = YES;
				CLANG_WARN__DUPLICATE_METHOD_MATCH = YES;
				COPY_PHASE_STRIP = NO;
				DEBUG_INFORMATION_FORMAT = "dwarf-with-dsym";
				ENABLE_NS_ASSERTIONS = NO;
				ENABLE_STRICT_OBJC_MSGSEND = YES;
				ENABLE_USER_SCRIPT_SANDBOXING = YES;
				GCC_C_LANGUAGE_STANDARD = gnu17;
				GCC_NO_COMMON_BLOCKS = YES;
				GCC_WARN_64_TO_32_BIT_CONVERSION = YES;
				GCC_WARN_ABOUT_RETURN_TYPE = YES_ERROR;
				GCC_WARN_UNDECLARED_SELECTOR = YES;
				GCC_WARN_UNINITIALIZED_AUTOS = YES_AGGRESSIVE;
				GCC_WARN_UNUSED_FUNCTION = YES;
				GCC_WARN_UNUSED_VARIABLE = YES;
				LOCALIZATION_PREFERS_STRING_CATALOGS = YES;
				MTL_ENABLE_DEBUG_INFO = NO;
				MTL_FAST_MATH = YES;
				SWIFT_COMPILATION_MODE = wholemodule;
			};
			name = Release;
		};
		DD70F4392AFF3E3800EC0BF4 /* Debug */ = {
			isa = XCBuildConfiguration;
			buildSettings = {
				ASSETCATALOG_COMPILER_APPICON_NAME = AppIcon;
				ASSETCATALOG_COMPILER_GLOBAL_ACCENT_COLOR_NAME = AccentColor;
				CODE_SIGN_ENTITLEMENTS = Movies/Movies.entitlements;
				CODE_SIGN_STYLE = Automatic;
				CURRENT_PROJECT_VERSION = 1;
				DEVELOPMENT_ASSET_PATHS = "\"Movies/Preview Content\"";
				ENABLE_PREVIEWS = YES;
				GENERATE_INFOPLIST_FILE = YES;
				"INFOPLIST_KEY_UIApplicationSceneManifest_Generation[sdk=iphoneos*]" = YES;
				"INFOPLIST_KEY_UIApplicationSceneManifest_Generation[sdk=iphonesimulator*]" = YES;
				"INFOPLIST_KEY_UIApplicationSupportsIndirectInputEvents[sdk=iphoneos*]" = YES;
				"INFOPLIST_KEY_UIApplicationSupportsIndirectInputEvents[sdk=iphonesimulator*]" = YES;
				"INFOPLIST_KEY_UILaunchScreen_Generation[sdk=iphoneos*]" = YES;
				"INFOPLIST_KEY_UILaunchScreen_Generation[sdk=iphonesimulator*]" = YES;
				"INFOPLIST_KEY_UIStatusBarStyle[sdk=iphoneos*]" = UIStatusBarStyleDefault;
				"INFOPLIST_KEY_UIStatusBarStyle[sdk=iphonesimulator*]" = UIStatusBarStyleDefault;
				INFOPLIST_KEY_UISupportedInterfaceOrientations_iPad = "UIInterfaceOrientationPortrait UIInterfaceOrientationPortraitUpsideDown UIInterfaceOrientationLandscapeLeft UIInterfaceOrientationLandscapeRight";
				INFOPLIST_KEY_UISupportedInterfaceOrientations_iPhone = "UIInterfaceOrientationPortrait UIInterfaceOrientationLandscapeLeft UIInterfaceOrientationLandscapeRight";
				IPHONEOS_DEPLOYMENT_TARGET = 17.0;
				LD_RUNPATH_SEARCH_PATHS = "@executable_path/Frameworks";
				"LD_RUNPATH_SEARCH_PATHS[sdk=macosx*]" = "@executable_path/../Frameworks";
				MACOSX_DEPLOYMENT_TARGET = 14.0;
				MARKETING_VERSION = 1.0;
				PRODUCT_BUNDLE_IDENTIFIER = com.testJe.Movies;
				PRODUCT_NAME = "$(TARGET_NAME)";
				SDKROOT = auto;
				SUPPORTED_PLATFORMS = "iphoneos iphonesimulator macosx";
				SWIFT_EMIT_LOC_STRINGS = YES;
				SWIFT_VERSION = 5.0;
				TARGETED_DEVICE_FAMILY = "1,2";
			};
			name = Debug;
		};
		DD70F43A2AFF3E3800EC0BF4 /* Release */ = {
			isa = XCBuildConfiguration;
			buildSettings = {
				ASSETCATALOG_COMPILER_APPICON_NAME = AppIcon;
				ASSETCATALOG_COMPILER_GLOBAL_ACCENT_COLOR_NAME = AccentColor;
				CODE_SIGN_ENTITLEMENTS = Movies/Movies.entitlements;
				CODE_SIGN_STYLE = Automatic;
				CURRENT_PROJECT_VERSION = 1;
				DEVELOPMENT_ASSET_PATHS = "\"Movies/Preview Content\"";
				ENABLE_PREVIEWS = YES;
				GENERATE_INFOPLIST_FILE = YES;
				"INFOPLIST_KEY_UIApplicationSceneManifest_Generation[sdk=iphoneos*]" = YES;
				"INFOPLIST_KEY_UIApplicationSceneManifest_Generation[sdk=iphonesimulator*]" = YES;
				"INFOPLIST_KEY_UIApplicationSupportsIndirectInputEvents[sdk=iphoneos*]" = YES;
				"INFOPLIST_KEY_UIApplicationSupportsIndirectInputEvents[sdk=iphonesimulator*]" = YES;
				"INFOPLIST_KEY_UILaunchScreen_Generation[sdk=iphoneos*]" = YES;
				"INFOPLIST_KEY_UILaunchScreen_Generation[sdk=iphonesimulator*]" = YES;
				"INFOPLIST_KEY_UIStatusBarStyle[sdk=iphoneos*]" = UIStatusBarStyleDefault;
				"INFOPLIST_KEY_UIStatusBarStyle[sdk=iphonesimulator*]" = UIStatusBarStyleDefault;
				INFOPLIST_KEY_UISupportedInterfaceOrientations_iPad = "UIInterfaceOrientationPortrait UIInterfaceOrientationPortraitUpsideDown UIInterfaceOrientationLandscapeLeft UIInterfaceOrientationLandscapeRight";
				INFOPLIST_KEY_UISupportedInterfaceOrientations_iPhone = "UIInterfaceOrientationPortrait UIInterfaceOrientationLandscapeLeft UIInterfaceOrientationLandscapeRight";
				IPHONEOS_DEPLOYMENT_TARGET = 17.0;
				LD_RUNPATH_SEARCH_PATHS = "@executable_path/Frameworks";
				"LD_RUNPATH_SEARCH_PATHS[sdk=macosx*]" = "@executable_path/../Frameworks";
				MACOSX_DEPLOYMENT_TARGET = 14.0;
				MARKETING_VERSION = 1.0;
				PRODUCT_BUNDLE_IDENTIFIER = com.testJe.Movies;
				PRODUCT_NAME = "$(TARGET_NAME)";
				SDKROOT = auto;
				SUPPORTED_PLATFORMS = "iphoneos iphonesimulator macosx";
				SWIFT_EMIT_LOC_STRINGS = YES;
				SWIFT_VERSION = 5.0;
				TARGETED_DEVICE_FAMILY = "1,2";
			};
			name = Release;
		};
		DD70F43C2AFF3E3800EC0BF4 /* Debug */ = {
			isa = XCBuildConfiguration;
			buildSettings = {
				ALWAYS_EMBED_SWIFT_STANDARD_LIBRARIES = YES;
				BUNDLE_LOADER = "$(TEST_HOST)";
				CODE_SIGN_STYLE = Automatic;
				CURRENT_PROJECT_VERSION = 1;
				GENERATE_INFOPLIST_FILE = YES;
				IPHONEOS_DEPLOYMENT_TARGET = 17.0;
				MACOSX_DEPLOYMENT_TARGET = 14.0;
				MARKETING_VERSION = 1.0;
				PRODUCT_BUNDLE_IDENTIFIER = com.testJe.MoviesTests;
				PRODUCT_NAME = "$(TARGET_NAME)";
				SDKROOT = auto;
				SUPPORTED_PLATFORMS = "iphoneos iphonesimulator macosx";
				SWIFT_EMIT_LOC_STRINGS = NO;
				SWIFT_VERSION = 5.0;
				TARGETED_DEVICE_FAMILY = "1,2";
				TEST_HOST = "$(BUILT_PRODUCTS_DIR)/Movies.app/$(BUNDLE_EXECUTABLE_FOLDER_PATH)/Movies";
			};
			name = Debug;
		};
		DD70F43D2AFF3E3800EC0BF4 /* Release */ = {
			isa = XCBuildConfiguration;
			buildSettings = {
				ALWAYS_EMBED_SWIFT_STANDARD_LIBRARIES = YES;
				BUNDLE_LOADER = "$(TEST_HOST)";
				CODE_SIGN_STYLE = Automatic;
				CURRENT_PROJECT_VERSION = 1;
				GENERATE_INFOPLIST_FILE = YES;
				IPHONEOS_DEPLOYMENT_TARGET = 17.0;
				MACOSX_DEPLOYMENT_TARGET = 14.0;
				MARKETING_VERSION = 1.0;
				PRODUCT_BUNDLE_IDENTIFIER = com.testJe.MoviesTests;
				PRODUCT_NAME = "$(TARGET_NAME)";
				SDKROOT = auto;
				SUPPORTED_PLATFORMS = "iphoneos iphonesimulator macosx";
				SWIFT_EMIT_LOC_STRINGS = NO;
				SWIFT_VERSION = 5.0;
				TARGETED_DEVICE_FAMILY = "1,2";
				TEST_HOST = "$(BUILT_PRODUCTS_DIR)/Movies.app/$(BUNDLE_EXECUTABLE_FOLDER_PATH)/Movies";
			};
			name = Release;
		};
		DD70F43F2AFF3E3800EC0BF4 /* Debug */ = {
			isa = XCBuildConfiguration;
			buildSettings = {
				ALWAYS_EMBED_SWIFT_STANDARD_LIBRARIES = YES;
				CODE_SIGN_STYLE = Automatic;
				CURRENT_PROJECT_VERSION = 1;
				GENERATE_INFOPLIST_FILE = YES;
				IPHONEOS_DEPLOYMENT_TARGET = 17.0;
				MACOSX_DEPLOYMENT_TARGET = 14.0;
				MARKETING_VERSION = 1.0;
				PRODUCT_BUNDLE_IDENTIFIER = com.testJe.MoviesUITests;
				PRODUCT_NAME = "$(TARGET_NAME)";
				SDKROOT = auto;
				SUPPORTED_PLATFORMS = "iphoneos iphonesimulator macosx";
				SWIFT_EMIT_LOC_STRINGS = NO;
				SWIFT_VERSION = 5.0;
				TARGETED_DEVICE_FAMILY = "1,2";
				TEST_TARGET_NAME = Movies;
			};
			name = Debug;
		};
		DD70F4402AFF3E3800EC0BF4 /* Release */ = {
			isa = XCBuildConfiguration;
			buildSettings = {
				ALWAYS_EMBED_SWIFT_STANDARD_LIBRARIES = YES;
				CODE_SIGN_STYLE = Automatic;
				CURRENT_PROJECT_VERSION = 1;
				GENERATE_INFOPLIST_FILE = YES;
				IPHONEOS_DEPLOYMENT_TARGET = 17.0;
				MACOSX_DEPLOYMENT_TARGET = 14.0;
				MARKETING_VERSION = 1.0;
				PRODUCT_BUNDLE_IDENTIFIER = com.testJe.MoviesUITests;
				PRODUCT_NAME = "$(TARGET_NAME)";
				SDKROOT = auto;
				SUPPORTED_PLATFORMS = "iphoneos iphonesimulator macosx";
				SWIFT_EMIT_LOC_STRINGS = NO;
				SWIFT_VERSION = 5.0;
				TARGETED_DEVICE_FAMILY = "1,2";
				TEST_TARGET_NAME = Movies;
			};
			name = Release;
		};
/* End XCBuildConfiguration section */

/* Begin XCConfigurationList section */
		DD70F40E2AFF3E3300EC0BF4 /* Build configuration list for PBXProject "Movies" */ = {
			isa = XCConfigurationList;
			buildConfigurations = (
				DD70F4362AFF3E3800EC0BF4 /* Debug */,
				DD70F4372AFF3E3800EC0BF4 /* Release */,
			);
			defaultConfigurationIsVisible = 0;
			defaultConfigurationName = Release;
		};
		DD70F4382AFF3E3800EC0BF4 /* Build configuration list for PBXNativeTarget "Movies" */ = {
			isa = XCConfigurationList;
			buildConfigurations = (
				DD70F4392AFF3E3800EC0BF4 /* Debug */,
				DD70F43A2AFF3E3800EC0BF4 /* Release */,
			);
			defaultConfigurationIsVisible = 0;
			defaultConfigurationName = Release;
		};
		DD70F43B2AFF3E3800EC0BF4 /* Build configuration list for PBXNativeTarget "MoviesTests" */ = {
			isa = XCConfigurationList;
			buildConfigurations = (
				DD70F43C2AFF3E3800EC0BF4 /* Debug */,
				DD70F43D2AFF3E3800EC0BF4 /* Release */,
			);
			defaultConfigurationIsVisible = 0;
			defaultConfigurationName = Release;
		};
		DD70F43E2AFF3E3800EC0BF4 /* Build configuration list for PBXNativeTarget "MoviesUITests" */ = {
			isa = XCConfigurationList;
			buildConfigurations = (
				DD70F43F2AFF3E3800EC0BF4 /* Debug */,
				DD70F4402AFF3E3800EC0BF4 /* Release */,
			);
			defaultConfigurationIsVisible = 0;
			defaultConfigurationName = Release;
		};
/* End XCConfigurationList section */

/* Begin XCRemoteSwiftPackageReference section */
		DD70F4452AFF522300EC0BF4 /* XCRemoteSwiftPackageReference "url-image" */ = {
			isa = XCRemoteSwiftPackageReference;
			repositoryURL = "https://github.com/dmytro-anokhin/url-image.git";
			requirement = {
				kind = upToNextMajorVersion;
				minimumVersion = 3.1.1;
			};
		};
/* End XCRemoteSwiftPackageReference section */

/* Begin XCSwiftPackageProductDependency section */
		DDD8C6722AFF533900263B49 /* URLImage */ = {
			isa = XCSwiftPackageProductDependency;
			package = DD70F4452AFF522300EC0BF4 /* XCRemoteSwiftPackageReference "url-image" */;
			productName = URLImage;
		};
		DDD8C6742AFF535B00263B49 /* URLImageStore */ = {
			isa = XCSwiftPackageProductDependency;
			package = DD70F4452AFF522300EC0BF4 /* XCRemoteSwiftPackageReference "url-image" */;
			productName = URLImageStore;
		};
/* End XCSwiftPackageProductDependency section */
	};
	rootObject = DD70F40B2AFF3E3300EC0BF4 /* Project object */;
}
